<?xml version="1.0" encoding="utf-8"?>
<Project ToolsVersion="16.0" xmlns="http://schemas.microsoft.com/developer/msbuild/2003">
  <ItemGroup>
    <CustomBuild Include="C:\Users\Amanda Ang\source\repos\22s1-cp-spa-team-14\CMakeFiles\fc5dc1bd2ca4d99060a3565d1edbdeae\generate.stamp.rule">
      <Filter>CMake Rules</Filter>
    </CustomBuild>
  </ItemGroup>
  <ItemGroup>
    <Filter Include="CMake Rules">
      <UniqueIdentifier>{86D2E1ED-95F3-3A95-8EEF-10EC6D1F76AE}</UniqueIdentifier>
    </Filter>
  </ItemGroup>
</Project>
